
Microsoft Visual Studio Solution File, Format Version 12.00
# Visual Studio 14
VisualStudioVersion = 14.0.25420.1
MinimumVisualStudioVersion = 10.0.40219.1
Project("{FAE04EC0-301F-11D3-BF4B-00C04F79EFBC}") = "DAL", "DAL\DAL.csproj", "{0C32DDF9-1509-4FC8-8E72-D69DDE26ACAB}"
EndProject
Project("{FAE04EC0-301F-11D3-BF4B-00C04F79EFBC}") = "RESTService", "RESTService\RESTService.csproj", "{FD6E79D6-901B-4718-8D65-FDF997EC8AFD}"
EndProject
Project("{FAE04EC0-301F-11D3-BF4B-00C04F79EFBC}") = "BLL", "BLL\BLL.csproj", "{F4C740CA-20BD-4884-8266-2707A74F9597}"
EndProject
Project("{FAE04EC0-301F-11D3-BF4B-00C04F79EFBC}") = "Logger", "Logger\Logger.csproj", "{FA3339F5-B266-4798-A920-B934C6819CA9}"
EndProject
Global
	GlobalSection(SolutionConfigurationPlatforms) = preSolution
		Debug|Any CPU = Debug|Any CPU
		Release|Any CPU = Release|Any CPU
	EndGlobalSection
	GlobalSection(ProjectConfigurationPlatforms) = postSolution
		{0C32DDF9-1509-4FC8-8E72-D69DDE26ACAB}.Debug|Any CPU.ActiveCfg = Debug|Any CPU
		{0C32DDF9-1509-4FC8-8E72-D69DDE26ACAB}.Debug|Any CPU.Build.0 = Debug|Any CPU
		{0C32DDF9-1509-4FC8-8E72-D69DDE26ACAB}.Release|Any CPU.ActiveCfg = Release|Any CPU
		{0C32DDF9-1509-4FC8-8E72-D69DDE26ACAB}.Release|Any CPU.Build.0 = Release|Any CPU
		{FD6E79D6-901B-4718-8D65-FDF997EC8AFD}.Debug|Any CPU.ActiveCfg = Debug|Any CPU
		{FD6E79D6-901B-4718-8D65-FDF997EC8AFD}.Debug|Any CPU.Build.0 = Debug|Any CPU
		{FD6E79D6-901B-4718-8D65-FDF997EC8AFD}.Release|Any CPU.ActiveCfg = Release|Any CPU
		{FD6E79D6-901B-4718-8D65-FDF997EC8AFD}.Release|Any CPU.Build.0 = Release|Any CPU
		{F4C740CA-20BD-4884-8266-2707A74F9597}.Debug|Any CPU.ActiveCfg = Debug|Any CPU
		{F4C740CA-20BD-4884-8266-2707A74F9597}.Debug|Any CPU.Build.0 = Debug|Any CPU
		{F4C740CA-20BD-4884-8266-2707A74F9597}.Release|Any CPU.ActiveCfg = Release|Any CPU
		{F4C740CA-20BD-4884-8266-2707A74F9597}.Release|Any CPU.Build.0 = Release|Any CPU
		{FA3339F5-B266-4798-A920-B934C6819CA9}.Debug|Any CPU.ActiveCfg = Debug|Any CPU
		{FA3339F5-B266-4798-A920-B934C6819CA9}.Debug|Any CPU.Build.0 = Debug|Any CPU
		{FA3339F5-B266-4798-A920-B934C6819CA9}.Release|Any CPU.ActiveCfg = Release|Any CPU
		{FA3339F5-B266-4798-A920-B934C6819CA9}.Release|Any CPU.Build.0 = Release|Any CPU
	EndGlobalSection
	GlobalSection(SolutionProperties) = preSolution
		HideSolutionNode = FALSE
	EndGlobalSection
	GlobalSection(ExtensibilityGlobals) = postSolution
		EnterpriseLibraryConfigurationToolBinariesPath = packages\Unity.2.1.505.2\lib\NET35
	EndGlobalSection
EndGlobal
